
Microsoft Visual Studio Solution File, Format Version 12.00
# Visual Studio Version 17
VisualStudioVersion = 17.9.34902.65
MinimumVisualStudioVersion = 10.0.40219.1
Project("{FAE04EC0-301F-11D3-BF4B-00C04F79EFBC}") = "PasswordCrack", "PasswordCrack.csproj", "{73FFC611-F036-4900-BF89-7A448C3AB4CC}"
EndProject
Global
	GlobalSection(SolutionConfigurationPlatforms) = preSolution
		Debug|Any CPU = Debug|Any CPU
		Release|Any CPU = Release|Any CPU
	EndGlobalSection
	GlobalSection(ProjectConfigurationPlatforms) = postSolution
		{73FFC611-F036-4900-BF89-7A448C3AB4CC}.Debug|Any CPU.ActiveCfg = Debug|Any CPU
		{73FFC611-F036-4900-BF89-7A448C3AB4CC}.Debug|Any CPU.Build.0 = Debug|Any CPU
		{73FFC611-F036-4900-BF89-7A448C3AB4CC}.Release|Any CPU.ActiveCfg = Release|Any CPU
		{73FFC611-F036-4900-BF89-7A448C3AB4CC}.Release|Any CPU.Build.0 = Release|Any CPU
	EndGlobalSection
	GlobalSection(SolutionProperties) = preSolution
		HideSolutionNode = FALSE
	EndGlobalSection
	GlobalSection(ExtensibilityGlobals) = postSolution
		SolutionGuid = {FABAF8E7-F0B5-4614-A240-833386F27A67}
	EndGlobalSection
EndGlobal
